<?xml version="1.0" encoding="utf-8"?>
<Project ToolsVersion="4.0" xmlns="http://schemas.microsoft.com/developer/msbuild/2003">
  <ItemGroup>
    <Filter Include="Source">
      <UniqueIdentifier>{4FC737F1-C7A5-4376-A066-2A32D752A2FF}</UniqueIdentifier>
      <Extensions>cpp;c;cc;cxx;c++;cppm;ixx;def;odl;idl;hpj;bat;asm;asmx;h;hh;hpp;hxx;h++;hm;inl;inc;ipp;xsd</Extensions>
    </Filter>
    <Filter Include="Resources">
      <UniqueIdentifier>{67DA6AB6-F800-4c08-8B7A-83BB121AAD01}</UniqueIdentifier>
      <Extensions>rc;ico;cur;bmp;dlg;rc2;rct;bin;rgs;gif;jpg;jpeg;jpe;resx;tiff;tif;png;wav;mfcribbon-ms</Extensions>
    </Filter>
    <Filter Include="Include">
      <UniqueIdentifier>{93995380-89BD-4b04-88EB-625FBE52EBFB}</UniqueIdentifier>
      <Extensions>
      </Extensions>
    </Filter>
    <Filter Include="Documents">
      <UniqueIdentifier>{281d21e9-54ae-41ff-b4d5-d1af944e82a6}</UniqueIdentifier>
    </Filter>
    <Filter Include="Source\Configuration">
      <UniqueIdentifier>{b3a3170d-d7d3-4c3b-986a-3e0bd8145554}</UniqueIdentifier>
    </Filter>
    <Filter Include="Source\Connections">
      <UniqueIdentifier>{0be81110-9ae8-42bf-b9ec-082737c697dc}</UniqueIdentifier>
    </Filter>
    <Filter Include="Include\Configuration">
      <UniqueIdentifier>{adc4b367-b634-4761-83aa-c846b7086f64}</UniqueIdentifier>
    </Filter>
    <Filter Include="Include\Connections">
      <UniqueIdentifier>{40215190-12bb-4c39-b66f-26653554277e}</UniqueIdentifier>
    </Filter>
    <Filter Include="Include\Mapping">
      <UniqueIdentifier>{6c9f6c3b-2edf-44e0-8568-cfd8801366ab}</UniqueIdentifier>
    </Filter>
    <Filter Include="Include\Errors">
      <UniqueIdentifier>{d9eae2bb-a098-4d63-9e91-bb8ee5afa156}</UniqueIdentifier>
    </Filter>
    <Filter Include="Source\Errors">
      <UniqueIdentifier>{357deb57-c960-437e-8249-6a9d6bb9d314}</UniqueIdentifier>
    </Filter>
    <Filter Include="Source\Connections\QtSql">
      <UniqueIdentifier>{4681ccd0-6fe1-4c33-900c-e998fbf7506e}</UniqueIdentifier>
    </Filter>
    <Filter Include="Source\Utilities">
      <UniqueIdentifier>{e975c383-4e6d-4b6b-a131-f352694d23c6}</UniqueIdentifier>
    </Filter>
    <Filter Include="Source\Connections\SQLite">
      <UniqueIdentifier>{33fb5af9-25f5-43b2-86fc-b65d6189d1e1}</UniqueIdentifier>
    </Filter>
    <Filter Include="Source\Platform">
      <UniqueIdentifier>{2e3e8564-be87-4e8a-a11f-aeed99da8ac5}</UniqueIdentifier>
    </Filter>
    <Filter Include="Source\Fluent">
      <UniqueIdentifier>{b662030f-0cd1-4611-b8fa-44409bdc717f}</UniqueIdentifier>
    </Filter>
    <Filter Include="Include\Fluent">
      <UniqueIdentifier>{a88c2ecf-6cf3-4d34-b815-c7c231d9dba0}</UniqueIdentifier>
    </Filter>
    <Filter Include="Include\Migrations">
      <UniqueIdentifier>{a6d4383e-cbe4-49ea-b2f4-cd61565b1f6f}</UniqueIdentifier>
    </Filter>
    <Filter Include="Source\Migrations">
      <UniqueIdentifier>{79765cbb-d52e-4198-b04d-fded04f9dbbe}</UniqueIdentifier>
    </Filter>
    <Filter Include="Source\Migrations\Entities">
      <UniqueIdentifier>{1d1bf435-469b-46ec-a86b-2d2e6d0adefc}</UniqueIdentifier>
    </Filter>
    <Filter Include="Source\Migrations\Repositories">
      <UniqueIdentifier>{c91c5467-61d6-43c3-b40a-421a13a61ffe}</UniqueIdentifier>
    </Filter>
  </ItemGroup>
  <ItemGroup>
    <ClInclude Include="Include\Nuclex\ThinOrm\Config.h">
      <Filter>Source</Filter>
    </ClInclude>
    <ClInclude Include="Source\Query.Implementation.h">
      <Filter>Source</Filter>
    </ClInclude>
    <ClInclude Include="Include\Nuclex\ThinOrm\DataContext.h">
      <Filter>Include</Filter>
    </ClInclude>
    <ClInclude Include="Include\Nuclex\ThinOrm\Decimal.h">
      <Filter>Include</Filter>
    </ClInclude>
    <ClInclude Include="Include\Nuclex\ThinOrm\Query.h">
      <Filter>Include</Filter>
    </ClInclude>
    <ClInclude Include="Include\Nuclex\ThinOrm\Value.h">
      <Filter>Include</Filter>
    </ClInclude>
    <ClInclude Include="Include\Nuclex\ThinOrm\ValueType.h">
      <Filter>Include</Filter>
    </ClInclude>
    <ClInclude Include="Include\Nuclex\ThinOrm\Configuration\ConnectionProperties.h">
      <Filter>Include\Configuration</Filter>
    </ClInclude>
    <ClInclude Include="Include\Nuclex\ThinOrm\Configuration\ConnectionString.h">
      <Filter>Include\Configuration</Filter>
    </ClInclude>
    <ClInclude Include="Include\Nuclex\ThinOrm\Configuration\ConnectionUrl.h">
      <Filter>Include\Configuration</Filter>
    </ClInclude>
    <ClInclude Include="Include\Nuclex\ThinOrm\Configuration\WritableConnectionProperties.h">
      <Filter>Include\Configuration</Filter>
    </ClInclude>
    <ClInclude Include="Include\Nuclex\ThinOrm\Connections\Connection.h">
      <Filter>Include\Connections</Filter>
    </ClInclude>
    <ClInclude Include="Include\Nuclex\ThinOrm\Connections\ConnectionFactory.h">
      <Filter>Include\Connections</Filter>
    </ClInclude>
    <ClInclude Include="Include\Nuclex\ThinOrm\Connections\ConnectionPool.h">
      <Filter>Include\Connections</Filter>
    </ClInclude>
    <ClInclude Include="Include\Nuclex\ThinOrm\Connections\Driver.h">
      <Filter>Include\Connections</Filter>
    </ClInclude>
    <ClInclude Include="Include\Nuclex\ThinOrm\Connections\DriverBasedConnectionFactory.h">
      <Filter>Include\Connections</Filter>
    </ClInclude>
    <ClInclude Include="Include\Nuclex\ThinOrm\Connections\QtSqlConnectionFactory.h">
      <Filter>Include\Connections</Filter>
    </ClInclude>
    <ClInclude Include="Include\Nuclex\ThinOrm\Connections\StandardConnectionPool.h">
      <Filter>Include\Connections</Filter>
    </ClInclude>
    <ClInclude Include="Include\Nuclex\ThinOrm\Mapping\TableMappingSyntax.h">
      <Filter>Include\Mapping</Filter>
    </ClInclude>
    <ClInclude Include="Include\Nuclex\ThinOrm\Errors\BadValueTypeError.h">
      <Filter>Include\Errors</Filter>
    </ClInclude>
    <ClInclude Include="Source\Connections\QtSql\QtSqlConnection.h">
      <Filter>Source\Connections\QtSql</Filter>
    </ClInclude>
    <ClInclude Include="Source\Connections\QtSql\UniqueNameGenerator.h">
      <Filter>Source\Connections\QtSql</Filter>
    </ClInclude>
    <ClInclude Include="Source\Query.ImmutableState.h">
      <Filter>Source</Filter>
    </ClInclude>
    <ClInclude Include="Include\Nuclex\ThinOrm\DateTime.h">
      <Filter>Include</Filter>
    </ClInclude>
    <ClInclude Include="Include\Nuclex\ThinOrm\QueryParameterView.h">
      <Filter>Include</Filter>
    </ClInclude>
    <ClInclude Include="Include\Nuclex\ThinOrm\RowReader.h">
      <Filter>Include</Filter>
    </ClInclude>
    <ClInclude Include="Include\Nuclex\ThinOrm\Errors\BadDateFormatError.h">
      <Filter>Include\Errors</Filter>
    </ClInclude>
    <ClInclude Include="Include\Nuclex\ThinOrm\Errors\BadParameterNameError.h">
      <Filter>Include\Errors</Filter>
    </ClInclude>
    <ClInclude Include="Include\Nuclex\ThinOrm\Errors\MissingDriverError.h">
      <Filter>Include\Errors</Filter>
    </ClInclude>
    <ClInclude Include="Include\Nuclex\ThinOrm\Errors\UnassignedParameterError.h">
      <Filter>Include\Errors</Filter>
    </ClInclude>
    <ClInclude Include="Include\Nuclex\ThinOrm\Configuration\KnownOptions.h">
      <Filter>Include\Configuration</Filter>
    </ClInclude>
    <ClInclude Include="Source\Connections\QtSql\QtSqlMaterializedQuery.h">
      <Filter>Source\Connections\QtSql</Filter>
    </ClInclude>
    <ClInclude Include="Source\Connections\QtSql\QtSqlRowReader.h">
      <Filter>Source\Connections\QtSql</Filter>
    </ClInclude>
    <ClInclude Include="Include\Nuclex\ThinOrm\Errors\AmbiguousSchemaVersionError.h">
      <Filter>Include\Errors</Filter>
    </ClInclude>
    <ClInclude Include="Include\Nuclex\ThinOrm\Errors\BadSqlStatementError.h">
      <Filter>Include\Errors</Filter>
    </ClInclude>
    <ClInclude Include="Include\Nuclex\ThinOrm\Errors\DowngradeUnsupportedError.h">
      <Filter>Include\Errors</Filter>
    </ClInclude>
    <ClInclude Include="Include\Nuclex\ThinOrm\Connections\ContextualConnectionPool.h">
      <Filter>Include\Connections</Filter>
    </ClInclude>
    <ClInclude Include="Source\Utilities\QStringConverter.h">
      <Filter>Source\Utilities</Filter>
    </ClInclude>
    <ClInclude Include="Source\Utilities\Quantizer.h">
      <Filter>Source\Utilities</Filter>
    </ClInclude>
    <ClInclude Include="Source\Utilities\QVariantConverter.h">
      <Filter>Source\Utilities</Filter>
    </ClInclude>
    <ClInclude Include="Source\Connections\SQLite\SQLiteConnection.h">
      <Filter>Source\Connections\SQLite</Filter>
    </ClInclude>
    <ClInclude Include="Source\Connections\SQLite\SQLiteDriver.h">
      <Filter>Source\Connections\SQLite</Filter>
    </ClInclude>
    <ClInclude Include="Source\Utilities\Iso8601Converter.h">
      <Filter>Source\Utilities</Filter>
    </ClInclude>
    <ClInclude Include="Source\Fluent\ColumnInfo.h">
      <Filter>Source\Fluent</Filter>
    </ClInclude>
    <ClInclude Include="Source\Fluent\GlobalEntityRegistry.Implementation.h">
      <Filter>Source\Fluent</Filter>
    </ClInclude>
    <ClInclude Include="Source\Fluent\TableInfo.h">
      <Filter>Source\Fluent</Filter>
    </ClInclude>
    <ClInclude Include="Include\Nuclex\ThinOrm\Fluent\AttributeAccessor.h">
      <Filter>Include\Fluent</Filter>
    </ClInclude>
    <ClInclude Include="Include\Nuclex\ThinOrm\Fluent\ColumnRegistrationSyntax.h">
      <Filter>Include\Fluent</Filter>
    </ClInclude>
    <ClInclude Include="Include\Nuclex\ThinOrm\Fluent\EntityMappingConfigurator.h">
      <Filter>Include\Fluent</Filter>
    </ClInclude>
    <ClInclude Include="Include\Nuclex\ThinOrm\Fluent\GlobalEntityRegistry.h">
      <Filter>Include\Fluent</Filter>
    </ClInclude>
    <ClInclude Include="Include\Nuclex\ThinOrm\Fluent\Queryable.h">
      <Filter>Include\Fluent</Filter>
    </ClInclude>
    <ClInclude Include="Include\Nuclex\ThinOrm\Fluent\Table.h">
      <Filter>Include\Fluent</Filter>
    </ClInclude>
    <ClInclude Include="Include\Nuclex\ThinOrm\Fluent\TableRegistrationSyntax.h">
      <Filter>Include\Fluent</Filter>
    </ClInclude>
    <ClInclude Include="Include\Nuclex\ThinOrm\Migrations\ContextualMigration.h">
      <Filter>Include\Migrations</Filter>
    </ClInclude>
    <ClInclude Include="Include\Nuclex\ThinOrm\Migrations\GlobalMigrationRepository.h">
      <Filter>Include\Migrations</Filter>
    </ClInclude>
    <ClInclude Include="Include\Nuclex\ThinOrm\Migrations\Migration.h">
      <Filter>Include\Migrations</Filter>
    </ClInclude>
    <ClInclude Include="Include\Nuclex\ThinOrm\Migrations\MigrationRunner.h">
      <Filter>Include\Migrations</Filter>
    </ClInclude>
    <ClInclude Include="Source\Migrations\Entities\MigrationRecord.h">
      <Filter>Source\Migrations\Entities</Filter>
    </ClInclude>
    <ClInclude Include="Source\Migrations\Repositories\MigrationRecordRepository.h">
      <Filter>Source\Migrations\Repositories</Filter>
    </ClInclude>
    <ClInclude Include="Source\Platform\SQLite3Api.h">
      <Filter>Source\Platform</Filter>
    </ClInclude>
  </ItemGroup>
  <ItemGroup>
    <ClCompile Include="Source\Config.cpp">
      <Filter>Source</Filter>
    </ClCompile>
    <ClCompile Include="Source\Decimal.cpp">
      <Filter>Source</Filter>
    </ClCompile>
    <ClCompile Include="Source\Query.cpp">
      <Filter>Source</Filter>
    </ClCompile>
    <ClCompile Include="Source\Query.Implementation.cpp">
      <Filter>Source</Filter>
    </ClCompile>
    <ClCompile Include="Source\Value.cpp">
      <Filter>Source</Filter>
    </ClCompile>
    <ClCompile Include="Source\ValueType.cpp">
      <Filter>Source</Filter>
    </ClCompile>
    <ClCompile Include="Source\Configuration\ConnectionProperties.cpp">
      <Filter>Source\Configuration</Filter>
    </ClCompile>
    <ClCompile Include="Source\Configuration\ConnectionString.cpp">
      <Filter>Source\Configuration</Filter>
    </ClCompile>
    <ClCompile Include="Source\Configuration\ConnectionUrl.cpp">
      <Filter>Source\Configuration</Filter>
    </ClCompile>
    <ClCompile Include="Source\Configuration\WritableConnectionProperties.cpp">
      <Filter>Source\Configuration</Filter>
    </ClCompile>
    <ClCompile Include="Source\Connections\Connection.cpp">
      <Filter>Source\Connections</Filter>
    </ClCompile>
    <ClCompile Include="Source\Connections\ConnectionFactory.cpp">
      <Filter>Source\Connections</Filter>
    </ClCompile>
    <ClCompile Include="Source\Connections\ConnectionPool.cpp">
      <Filter>Source\Connections</Filter>
    </ClCompile>
    <ClCompile Include="Source\Connections\Driver.cpp">
      <Filter>Source\Connections</Filter>
    </ClCompile>
    <ClCompile Include="Source\Connections\DriverBasedConnectionFactory.cpp">
      <Filter>Source\Connections</Filter>
    </ClCompile>
    <ClCompile Include="Source\Connections\QtSqlConnectionFactory.cpp">
      <Filter>Source\Connections</Filter>
    </ClCompile>
    <ClCompile Include="Source\Connections\StandardConnectionPool.cpp">
      <Filter>Source\Connections</Filter>
    </ClCompile>
    <ClCompile Include="Source\Errors\BadValueTypeError.cpp">
      <Filter>Source\Errors</Filter>
    </ClCompile>
    <ClCompile Include="Source\Connections\QtSql\QtSqlConnection.cpp">
      <Filter>Source\Connections\QtSql</Filter>
    </ClCompile>
    <ClCompile Include="Source\Connections\QtSql\UniqueNameGenerator.cpp">
      <Filter>Source\Connections\QtSql</Filter>
    </ClCompile>
    <ClCompile Include="Source\DateTime.cpp">
      <Filter>Source</Filter>
    </ClCompile>
    <ClCompile Include="Source\Query.ImmutableState.cpp">
      <Filter>Source</Filter>
    </ClCompile>
    <ClCompile Include="Source\QueryParameterView.cpp">
      <Filter>Source</Filter>
    </ClCompile>
    <ClCompile Include="Source\Value.Conversion.cpp">
      <Filter>Source</Filter>
    </ClCompile>
    <ClCompile Include="Source\Errors\BadDateFormatError.cpp">
      <Filter>Source\Errors</Filter>
    </ClCompile>
    <ClCompile Include="Source\Errors\BadParameterNameError.cpp">
      <Filter>Source\Errors</Filter>
    </ClCompile>
    <ClCompile Include="Source\Errors\MissingDriverError.cpp">
      <Filter>Source\Errors</Filter>
    </ClCompile>
    <ClCompile Include="Source\Errors\UnassignedParameterError.cpp">
      <Filter>Source\Errors</Filter>
    </ClCompile>
    <ClCompile Include="Source\Configuration\KnownOptions.cpp">
      <Filter>Source\Configuration</Filter>
    </ClCompile>
    <ClCompile Include="Source\Connections\QtSql\QtSqlMaterializedQuery.cpp">
      <Filter>Source\Connections\QtSql</Filter>
    </ClCompile>
    <ClCompile Include="Source\Connections\QtSql\QtSqlRowReader.cpp">
      <Filter>Source\Connections\QtSql</Filter>
    </ClCompile>
    <ClCompile Include="Source\Errors\AmbiguousSchemaVersionError.cpp">
      <Filter>Source\Errors</Filter>
    </ClCompile>
    <ClCompile Include="Source\Errors\BadSqlStatementError.cpp">
      <Filter>Source\Errors</Filter>
    </ClCompile>
    <ClCompile Include="Source\Errors\DowngradeUnsupportedError.cpp">
      <Filter>Source\Errors</Filter>
    </ClCompile>
    <ClCompile Include="Source\RowReader.cpp">
      <Filter>Source</Filter>
    </ClCompile>
    <ClCompile Include="Source\Value.Operators.cpp">
      <Filter>Source</Filter>
    </ClCompile>
    <ClCompile Include="Source\Utilities\QStringConverter.cpp">
      <Filter>Source\Utilities</Filter>
    </ClCompile>
    <ClCompile Include="Source\Utilities\Quantizer.cpp">
      <Filter>Source\Utilities</Filter>
    </ClCompile>
    <ClCompile Include="Source\Utilities\QVariantConverter.cpp">
      <Filter>Source\Utilities</Filter>
    </ClCompile>
    <ClCompile Include="Source\Connections\SQLite\SQLiteConnection.cpp">
      <Filter>Source\Connections\SQLite</Filter>
    </ClCompile>
    <ClCompile Include="Source\Connections\SQLite\SQLiteDriver.cpp">
      <Filter>Source\Connections\SQLite</Filter>
    </ClCompile>
    <ClCompile Include="Source\Utilities\Iso8601Converter.cpp">
      <Filter>Source\Utilities</Filter>
    </ClCompile>
    <ClCompile Include="Source\Fluent\AttributeAccessor.cpp">
      <Filter>Source\Fluent</Filter>
    </ClCompile>
    <ClCompile Include="Source\Fluent\ColumnRegistrationSyntax.cpp">
      <Filter>Source\Fluent</Filter>
    </ClCompile>
    <ClCompile Include="Source\Fluent\ColunnInfo.cpp">
      <Filter>Source\Fluent</Filter>
    </ClCompile>
    <ClCompile Include="Source\Fluent\EntityMappingConfigurator.cpp">
      <Filter>Source\Fluent</Filter>
    </ClCompile>
    <ClCompile Include="Source\Fluent\GlobalEntityRegistry.cpp">
      <Filter>Source\Fluent</Filter>
    </ClCompile>
    <ClCompile Include="Source\Fluent\GlobalEntityRegistry.Implementation.cpp">
      <Filter>Source\Fluent</Filter>
    </ClCompile>
    <ClCompile Include="Source\Fluent\Queryable.cpp">
      <Filter>Source\Fluent</Filter>
    </ClCompile>
    <ClCompile Include="Source\Fluent\Table.cpp">
      <Filter>Source\Fluent</Filter>
    </ClCompile>
    <ClCompile Include="Source\Fluent\TableInfo.cpp">
      <Filter>Source\Fluent</Filter>
    </ClCompile>
    <ClCompile Include="Source\Fluent\TableRegistrationSyntax.cpp">
      <Filter>Source\Fluent</Filter>
    </ClCompile>
    <ClCompile Include="Source\Migrations\ContextualMigration.cpp">
      <Filter>Source\Migrations</Filter>
    </ClCompile>
    <ClCompile Include="Source\Migrations\GlobalMigrationRepository.cpp">
      <Filter>Source\Migrations</Filter>
    </ClCompile>
    <ClCompile Include="Source\Migrations\Migration.cpp">
      <Filter>Source\Migrations</Filter>
    </ClCompile>
    <ClCompile Include="Source\Migrations\MigrationRunner.cpp">
      <Filter>Source\Migrations</Filter>
    </ClCompile>
    <ClCompile Include="Source\Migrations\Entities\MigrationRecord.cpp">
      <Filter>Source\Migrations\Entities</Filter>
    </ClCompile>
    <ClCompile Include="Source\Migrations\Repositories\MigrationRecordRepository.cpp">
      <Filter>Source\Migrations\Repositories</Filter>
    </ClCompile>
    <ClCompile Include="Source\Connections\ContextualConnectionPool.cpp">
      <Filter>Source\Connections</Filter>
    </ClCompile>
    <ClCompile Include="Source\Platform\SQLite3Api.cpp">
      <Filter>Source\Platform</Filter>
    </ClCompile>
  </ItemGroup>
  <ItemGroup>
    <None Include="ReadMe.md" />
    <None Include="Nuclex.ThinOrm.Native.def" />
  </ItemGroup>
  <ItemGroup>
    <CustomBuild Include="Nuclex.Support.Native.ref" />
  </ItemGroup>
  <ItemGroup>
    <Text Include="Documents\Copyright.md">
      <Filter>Documents</Filter>
    </Text>
  </ItemGroup>
</Project>